
Microsoft Visual Studio Solution File, Format Version 12.00
# Visual Studio 2012
Project("{FAE04EC0-301F-11D3-BF4B-00C04F79EFBC}") = "STM32Test", "STM32Test\STM32SerialPorts_Test.csproj", "{F05A5813-7749-47F7-B4B5-FC30A3123677}"
EndProject
Global
	GlobalSection(SolutionConfigurationPlatforms) = preSolution
		Debug|Any CPU = Debug|Any CPU
		Release|Any CPU = Release|Any CPU
	EndGlobalSection
	GlobalSection(ProjectConfigurationPlatforms) = postSolution
		{F05A5813-7749-47F7-B4B5-FC30A3123677}.Debug|Any CPU.ActiveCfg = Debug|Any CPU
		{F05A5813-7749-47F7-B4B5-FC30A3123677}.Debug|Any CPU.Build.0 = Debug|Any CPU
		{F05A5813-7749-47F7-B4B5-FC30A3123677}.Debug|Any CPU.Deploy.0 = Debug|Any CPU
		{F05A5813-7749-47F7-B4B5-FC30A3123677}.Release|Any CPU.ActiveCfg = Release|Any CPU
		{F05A5813-7749-47F7-B4B5-FC30A3123677}.Release|Any CPU.Build.0 = Release|Any CPU
		{F05A5813-7749-47F7-B4B5-FC30A3123677}.Release|Any CPU.Deploy.0 = Release|Any CPU
	EndGlobalSection
	GlobalSection(SolutionProperties) = preSolution
		HideSolutionNode = FALSE
	EndGlobalSection
EndGlobal
